// !$*UTF8*$!
{
	archiveVersion = 1;
	classes = {
	};
	objectVersion = 46;
	objects = {

/* Begin PBXBuildFile section */
		AE2FD97F1E62D04300A32C50 /* AppDelegate.swift in Sources */ = {isa = PBXBuildFile; fileRef = AE2FD97E1E62D04300A32C50 /* AppDelegate.swift */; };
		AE2FD9811E62D04300A32C50 /* ViewController.swift in Sources */ = {isa = PBXBuildFile; fileRef = AE2FD9801E62D04300A32C50 /* ViewController.swift */; };
		AE2FD9841E62D04300A32C50 /* Main.storyboard in Resources */ = {isa = PBXBuildFile; fileRef = AE2FD9821E62D04300A32C50 /* Main.storyboard */; };
		AE2FD9871E62D04300A32C50 /* rcapp.xcdatamodeld in Sources */ = {isa = PBXBuildFile; fileRef = AE2FD9851E62D04300A32C50 /* rcapp.xcdatamodeld */; };
		AE2FD9891E62D04300A32C50 /* Assets.xcassets in Resources */ = {isa = PBXBuildFile; fileRef = AE2FD9881E62D04300A32C50 /* Assets.xcassets */; };
		AE2FD98C1E62D04300A32C50 /* LaunchScreen.storyboard in Resources */ = {isa = PBXBuildFile; fileRef = AE2FD98A1E62D04300A32C50 /* LaunchScreen.storyboard */; };
/* End PBXBuildFile section */

/* Begin PBXFileReference section */
		AE2FD97B1E62D04300A32C50 /* rcapp.app */ = {isa = PBXFileReference; explicitFileType = wrapper.application; includeInIndex = 0; path = rcapp.app; sourceTree = BUILT_PRODUCTS_DIR; };
		AE2FD97E1E62D04300A32C50 /* AppDelegate.swift */ = {isa = PBXFileReference; lastKnownFileType = sourcecode.swift; path = AppDelegate.swift; sourceTree = "<group>"; };
		AE2FD9801E62D04300A32C50 /* ViewController.swift */ = {isa = PBXFileReference; lastKnownFileType = sourcecode.swift; path = ViewController.swift; sourceTree = "<group>"; };
		AE2FD9831E62D04300A32C50 /* Base */ = {isa = PBXFileReference; lastKnownFileType = file.storyboard; name = Base; path = Base.lproj/Main.storyboard; sourceTree = "<group>"; };
		AE2FD9861E62D04300A32C50 /* rcapp.xcdatamodel */ = {isa = PBXFileReference; lastKnownFileType = wrapper.xcdatamodel; path = rcapp.xcdatamodel; sourceTree = "<group>"; };
		AE2FD9881E62D04300A32C50 /* Assets.xcassets */ = {isa = PBXFileReference; lastKnownFileType = folder.assetcatalog; path = Assets.xcassets; sourceTree = "<group>"; };
		AE2FD98B1E62D04300A32C50 /* Base */ = {isa = PBXFileReference; lastKnownFileType = file.storyboard; name = Base; path = Base.lproj/LaunchScreen.storyboard; sourceTree = "<group>"; };
		AE2FD98D1E62D04300A32C50 /* Info.plist */ = {isa = PBXFileReference; lastKnownFileType = text.plist.xml; path = Info.plist; sourceTree = "<group>"; };
/* End PBXFileReference section */

/* Begin PBXFrameworksBuildPhase section */
		AE2FD9781E62D04300A32C50 /* Frameworks */ = {
			isa = PBXFrameworksBuildPhase;
			buildActionMask = 2147483647;
			files = (
			);
			runOnlyForDeploymentPostprocessing = 0;
		};
/* End PBXFrameworksBuildPhase section */

/* Begin PBXGroup section */
		AE2FD9721E62D04200A32C50 = {
			isa = PBXGroup;
			children = (
				AE2FD97D1E62D04300A32C50 /* rcapp */,
				AE2FD97C1E62D04300A32C50 /* Products */,
			);
			sourceTree = "<group>";
		};
		AE2FD97C1E62D04300A32C50 /* Products */ = {
			isa = PBXGroup;
			children = (
				AE2FD97B1E62D04300A32C50 /* rcapp.app */,
			);
			name = Products;
			sourceTree = "<group>";
		};
		AE2FD97D1E62D04300A32C50 /* rcapp */ = {
			isa = PBXGroup;
			children = (
				AE2FD97E1E62D04300A32C50 /* AppDelegate.swift */,
				AE2FD9801E62D04300A32C50 /* ViewController.swift */,
				AE2FD9821E62D04300A32C50 /* Main.storyboard */,
				AE2FD9881E62D04300A32C50 /* Assets.xcassets */,
				AE2FD98A1E62D04300A32C50 /* LaunchScreen.storyboard */,
				AE2FD98D1E62D04300A32C50 /* Info.plist */,
				AE2FD9851E62D04300A32C50 /* rcapp.xcdatamodeld */,
			);
			path = rcapp;
			sourceTree = "<group>";
		};
/* End PBXGroup section */

/* Begin PBXNativeTarget section */
		AE2FD97A1E62D04300A32C50 /* rcapp */ = {
			isa = PBXNativeTarget;
			buildConfigurationList = AE2FD9901E62D04300A32C50 /* Build configuration list for PBXNativeTarget "rcapp" */;
			buildPhases = (
				AE2FD9771E62D04300A32C50 /* Sources */,
				AE2FD9781E62D04300A32C50 /* Frameworks */,
				AE2FD9791E62D04300A32C50 /* Resources */,
			);
			buildRules = (
			);
			dependencies = (
			);
			name = rcapp;
			productName = rcapp;
			productReference = AE2FD97B1E62D04300A32C50 /* rcapp.app */;
			productType = "com.apple.product-type.application";
		};
/* End PBXNativeTarget section */

/* Begin PBXProject section */
		AE2FD9731E62D04200A32C50 /* Project object */ = {
			isa = PBXProject;
			attributes = {
				LastSwiftUpdateCheck = 0820;
				LastUpgradeCheck = 0820;
				ORGANIZATIONNAME = "Arseniy Krupenin";
				TargetAttributes = {
					AE2FD97A1E62D04300A32C50 = {
						CreatedOnToolsVersion = 8.2.1;
						ProvisioningStyle = Automatic;
					};
				};
			};
			buildConfigurationList = AE2FD9761E62D04200A32C50 /* Build configuration list for PBXProject "rcapp" */;
			compatibilityVersion = "Xcode 3.2";
			developmentRegion = English;
			hasScannedForEncodings = 0;
			knownRegions = (
				en,
				Base,
			);
			mainGroup = AE2FD9721E62D04200A32C50;
			productRefGroup = AE2FD97C1E62D04300A32C50 /* Products */;
			projectDirPath = "";
			projectRoot = "";
			targets = (
				AE2FD97A1E62D04300A32C50 /* rcapp */,
			);
		};
/* End PBXProject section */

/* Begin PBXResourcesBuildPhase section */
		AE2FD9791E62D04300A32C50 /* Resources */ = {
			isa = PBXResourcesBuildPhase;
			buildActionMask = 2147483647;
			files = (
				AE2FD98C1E62D04300A32C50 /* LaunchScreen.storyboard in Resources */,
				AE2FD9891E62D04300A32C50 /* Assets.xcassets in Resources */,
				AE2FD9841E62D04300A32C50 /* Main.storyboard in Resources */,
			);
			runOnlyForDeploymentPostprocessing = 0;
		};
/* End PBXResourcesBuildPhase section */

/* Begin PBXSourcesBuildPhase section */
		AE2FD9771E62D04300A32C50 /* Sources */ = {
			isa = PBXSourcesBuildPhase;
			buildActionMask = 2147483647;
			files = (
				AE2FD9871E62D04300A32C50 /* rcapp.xcdatamodeld in Sources */,
				AE2FD9811E62D04300A32C50 /* ViewController.swift in Sources */,
				AE2FD97F1E62D04300A32C50 /* AppDelegate.swift in Sources */,
			);
			runOnlyForDeploymentPostprocessing = 0;
		};
/* End PBXSourcesBuildPhase section */

/* Begin PBXVariantGroup section */
		AE2FD9821E62D04300A32C50 /* Main.storyboard */ = {
			isa = PBXVariantGroup;
			children = (
				AE2FD9831E62D04300A32C50 /* Base */,
			);
			name = Main.storyboard;
			sourceTree = "<group>";
		};
		AE2FD98A1E62D04300A32C50 /* LaunchScreen.storyboard */ = {
			isa = PBXVariantGroup;
			children = (
				AE2FD98B1E62D04300A32C50 /* Base */,
			);
			name = LaunchScreen.storyboard;
			sourceTree = "<group>";
		};
/* End PBXVariantGroup section */

/* Begin XCBuildConfiguration section */
		AE2FD98E1E62D04300A32C50 /* Debug */ = {
			isa = XCBuildConfiguration;
			buildSettings = {
				ALWAYS_SEARCH_USER_PATHS = NO;
				CLANG_ANALYZER_NONNULL = YES;
				CLANG_CXX_LANGUAGE_STANDARD = "gnu++0x";
				CLANG_CXX_LIBRARY = "libc++";
				CLANG_ENABLE_MODULES = YES;
				CLANG_ENABLE_OBJC_ARC = YES;
				CLANG_WARN_BOOL_CONVERSION = YES;
				CLANG_WARN_CONSTANT_CONVERSION = YES;
				CLANG_WARN_DIRECT_OBJC_ISA_USAGE = YES_ERROR;
				CLANG_WARN_DOCUMENTATION_COMMENTS = YES;
				CLANG_WARN_EMPTY_BODY = YES;
				CLANG_WARN_ENUM_CONVERSION = YES;
				CLANG_WARN_INFINITE_RECURSION = YES;
				CLANG_WARN_INT_CONVERSION = YES;
				CLANG_WARN_OBJC_ROOT_CLASS = YES_ERROR;
				CLANG_WARN_SUSPICIOUS_MOVE = YES;
				CLANG_WARN_UNREACHABLE_CODE = YES;
				CLANG_WARN__DUPLICATE_METHOD_MATCH = YES;
				"CODE_SIGN_IDENTITY[sdk=iphoneos*]" = "iPhone Developer";
				COPY_PHASE_STRIP = NO;
				DEBUG_INFORMATION_FORMAT = dwarf;
				ENABLE_STRICT_OBJC_MSGSEND = YES;
				ENABLE_TESTABILITY = YES;
				GCC_C_LANGUAGE_STANDARD = gnu99;
				GCC_DYNAMIC_NO_PIC = NO;
				GCC_NO_COMMON_BLOCKS = YES;
				GCC_OPTIMIZATION_LEVEL = 0;
				GCC_PREPROCESSOR_DEFINITIONS = (
					"DEBUG=1",
					"$(inherited)",
				);
				GCC_WARN_64_TO_32_BIT_CONVERSION = YES;
				GCC_WARN_ABOUT_RETURN_TYPE = YES_ERROR;
				GCC_WARN_UNDECLARED_SELECTOR = YES;
				GCC_WARN_UNINITIALIZED_AUTOS = YES_AGGRESSIVE;
				GCC_WARN_UNUSED_FUNCTION = YES;
				GCC_WARN_UNUSED_VARIABLE = YES;
				IPHONEOS_DEPLOYMENT_TARGET = 10.2;
				MTL_ENABLE_DEBUG_INFO = YES;
				ONLY_ACTIVE_ARCH = YES;
				SDKROOT = iphoneos;
				SWIFT_ACTIVE_COMPILATION_CONDITIONS = DEBUG;
				SWIFT_OPTIMIZATION_LEVEL = "-Onone";
			};
			name = Debug;
		};
		AE2FD98F1E62D04300A32C50 /* Release */ = {
			isa = XCBuildConfiguration;
			buildSettings = {
				ALWAYS_SEARCH_USER_PATHS = NO;
				CLANG_ANALYZER_NONNULL = YES;
				CLANG_CXX_LANGUAGE_STANDARD = "gnu++0x";
				CLANG_CXX_LIBRARY = "libc++";
				CLANG_ENABLE_MODULES = YES;
				CLANG_ENABLE_OBJC_ARC = YES;
				CLANG_WARN_BOOL_CONVERSION = YES;
				CLANG_WARN_CONSTANT_CONVERSION = YES;
				CLANG_WARN_DIRECT_OBJC_ISA_USAGE = YES_ERROR;
				CLANG_WARN_DOCUMENTATION_COMMENTS = YES;
				CLANG_WARN_EMPTY_BODY = YES;
				CLANG_WARN_ENUM_CONVERSION = YES;
				CLANG_WARN_INFINITE_RECURSION = YES;
				CLANG_WARN_INT_CONVERSION = YES;
				CLANG_WARN_OBJC_ROOT_CLASS = YES_ERROR;
				CLANG_WARN_SUSPICIOUS_MOVE = YES;
				CLANG_WARN_UNREACHABLE_CODE = YES;
				CLANG_WARN__DUPLICATE_METHOD_MATCH = YES;
				"CODE_SIGN_IDENTITY[sdk=iphoneos*]" = "iPhone Developer";
				COPY_PHASE_STRIP = NO;
				DEBUG_INFORMATION_FORMAT = "dwarf-with-dsym";
				ENABLE_NS_ASSERTIONS = NO;
				ENABLE_STRICT_OBJC_MSGSEND = YES;
				GCC_C_LANGUAGE_STANDARD = gnu99;
				GCC_NO_COMMON_BLOCKS = YES;
				GCC_WARN_64_TO_32_BIT_CONVERSION = YES;
				GCC_WARN_ABOUT_RETURN_TYPE = YES_ERROR;
				GCC_WARN_UNDECLARED_SELECTOR = YES;
				GCC_WARN_UNINITIALIZED_AUTOS = YES_AGGRESSIVE;
				GCC_WARN_UNUSED_FUNCTION = YES;
				GCC_WARN_UNUSED_VARIABLE = YES;
				IPHONEOS_DEPLOYMENT_TARGET = 10.2;
				MTL_ENABLE_DEBUG_INFO = NO;
				SDKROOT = iphoneos;
				SWIFT_OPTIMIZATION_LEVEL = "-Owholemodule";
				VALIDATE_PRODUCT = YES;
			};
			name = Release;
		};
		AE2FD9911E62D04300A32C50 /* Debug */ = {
			isa = XCBuildConfiguration;
			buildSettings = {
				ASSETCATALOG_COMPILER_APPICON_NAME = AppIcon;
				INFOPLIST_FILE = rcapp/Info.plist;
				LD_RUNPATH_SEARCH_PATHS = "$(inherited) @executable_path/Frameworks";
				PRODUCT_BUNDLE_IDENTIFIER = redhelper.rcapp;
				PRODUCT_NAME = "$(TARGET_NAME)";
				SWIFT_VERSION = 3.0;
			};
			name = Debug;
		};
		AE2FD9921E62D04300A32C50 /* Release */ = {
			isa = XCBuildConfiguration;
			buildSettings = {
				ASSETCATALOG_COMPILER_APPICON_NAME = AppIcon;
				INFOPLIST_FILE = rcapp/Info.plist;
				LD_RUNPATH_SEARCH_PATHS = "$(inherited) @executable_path/Frameworks";
				PRODUCT_BUNDLE_IDENTIFIER = redhelper.rcapp;
				PRODUCT_NAME = "$(TARGET_NAME)";
				SWIFT_VERSION = 3.0;
			};
			name = Release;
		};
/* End XCBuildConfiguration section */

/* Begin XCConfigurationList section */
		AE2FD9761E62D04200A32C50 /* Build configuration list for PBXProject "rcapp" */ = {
			isa = XCConfigurationList;
			buildConfigurations = (
				AE2FD98E1E62D04300A32C50 /* Debug */,
				AE2FD98F1E62D04300A32C50 /* Release */,
			);
			defaultConfigurationIsVisible = 0;
			defaultConfigurationName = Release;
		};
		AE2FD9901E62D04300A32C50 /* Build configuration list for PBXNativeTarget "rcapp" */ = {
			isa = XCConfigurationList;
			buildConfigurations = (
				AE2FD9911E62D04300A32C50 /* Debug */,
				AE2FD9921E62D04300A32C50 /* Release */,
			);
			defaultConfigurationIsVisible = 0;
		};
/* End XCConfigurationList section */

/* Begin XCVersionGroup section */
		AE2FD9851E62D04300A32C50 /* rcapp.xcdatamodeld */ = {
			isa = XCVersionGroup;
			children = (
				AE2FD9861E62D04300A32C50 /* rcapp.xcdatamodel */,
			);
			currentVersion = AE2FD9861E62D04300A32C50 /* rcapp.xcdatamodel */;
			path = rcapp.xcdatamodeld;
			sourceTree = "<group>";
			versionGroupType = wrapper.xcdatamodel;
		};
/* End XCVersionGroup section */
	};
	rootObject = AE2FD9731E62D04200A32C50 /* Project object */;
}
